# Generated by move; do not edit
# This file should be checked in.

[move]
version = 4

[pinned.mainnet.MoveStdlib]
source = { git = "https://github.com/MystenLabs/sui.git", subdir = "crates/sui-framework/packages/move-stdlib", rev = "a4185da5659d8d299d34e1bb2515ff1f7e32a20a" }
use_environment = "mainnet"
manifest_digest = "C4FE4C91DE74CBF223B2E380AE40F592177D21870DC2D7EB6227D2D694E05363"
deps = {}

[pinned.mainnet.Sui]
source = { git = "https://github.com/MystenLabs/sui.git", subdir = "crates/sui-framework/packages/sui-framework", rev = "a4185da5659d8d299d34e1bb2515ff1f7e32a20a" }
use_environment = "mainnet"
manifest_digest = "CD547CB1ACCE0880C835DAED2D8FFCB91D56C833AE5240D3AA5B918398263195"
deps = { MoveStdlib = "MoveStdlib" }

[pinned.mainnet.kitty]
source = { root = true }
use_environment = "mainnet"
manifest_digest = "A3BE229F5D8FF76D4AD50AE8FF409DB2E242A8145C3AD30DBB0DA3E17BE07DF5"
deps = { Sui = "Sui", usdc = "usdc" }

[pinned.mainnet.stablecoin]
source = { git = "https://github.com/circlefin/stablecoin-sui.git", subdir = "packages/stablecoin", rev = "d0904aec1bbe46b38f811654070032363a5a2966" }
use_environment = "mainnet"
manifest_digest = "D1FE50C597BE535CA6E8A169082748AB89005284E0D8263275A45A017CFA40D9"
deps = { Sui = "Sui", sui_extensions = "sui_extensions" }

[pinned.mainnet.sui_extensions]
source = { git = "https://github.com/circlefin/stablecoin-sui.git", subdir = "packages/sui_extensions", rev = "d0904aec1bbe46b38f811654070032363a5a2966" }
use_environment = "mainnet"
manifest_digest = "A441490BFF45892FF2D2F51A362331BAB479ECDAF138E673D20F5D457D2F65B9"
deps = { Sui = "Sui" }

[pinned.mainnet.usdc]
source = { git = "https://github.com/circlefin/stablecoin-sui.git", subdir = "packages/usdc", rev = "d0904aec1bbe46b38f811654070032363a5a2966" }
use_environment = "mainnet"
manifest_digest = "BF0D9AE6518F5174EE87CBF91CFDB3F76B83EF440B11AC27486B1448973CD02B"
deps = { Sui = "Sui", stablecoin = "stablecoin", sui_extensions = "sui_extensions" }

[pinned.testnet.MoveStdlib]
source = { git = "https://github.com/MystenLabs/sui.git", subdir = "crates/sui-framework/packages/move-stdlib", rev = "a9a6825eaf6273cc819ee3bcf65fd4909f7624a9" }
use_environment = "testnet"
manifest_digest = "C4FE4C91DE74CBF223B2E380AE40F592177D21870DC2D7EB6227D2D694E05363"
deps = {}

[pinned.testnet.Sui]
source = { git = "https://github.com/MystenLabs/sui.git", subdir = "crates/sui-framework/packages/sui-framework", rev = "a9a6825eaf6273cc819ee3bcf65fd4909f7624a9" }
use_environment = "testnet"
manifest_digest = "7AFB66695545775FBFBB2D3078ADFD084244D5002392E837FDE21D9EA1C6D01C"
deps = { MoveStdlib = "MoveStdlib" }

[pinned.testnet.sui_crowdfund]
source = { root = true }
use_environment = "testnet"
manifest_digest = "CC15E09306E902854F6BDD9B90D21287DB7EC557173965E5355493A2783E25B3"
deps = { Sui = "Sui" }
